
Microsoft Visual Studio Solution File, Format Version 12.00
# Visual Studio Version 17
VisualStudioVersion = 17.6.33815.320
MinimumVisualStudioVersion = 10.0.40219.1
Project("{8BC9CEB8-8B4A-11D0-8D11-00A0C91BC942}") = "ConsoleApplication3", "ConsoleApplication3\ConsoleApplication3.vcxproj", "{A5C629E0-F105-441C-B407-2AA6F817111C}"
EndProject
Global
	GlobalSection(SolutionConfigurationPlatforms) = preSolution
		Debug|x64 = Debug|x64
		Debug|x86 = Debug|x86
		Release|x64 = Release|x64
		Release|x86 = Release|x86
	EndGlobalSection
	GlobalSection(ProjectConfigurationPlatforms) = postSolution
		{A5C629E0-F105-441C-B407-2AA6F817111C}.Debug|x64.ActiveCfg = Debug|x64
		{A5C629E0-F105-441C-B407-2AA6F817111C}.Debug|x64.Build.0 = Debug|x64
		{A5C629E0-F105-441C-B407-2AA6F817111C}.Debug|x86.ActiveCfg = Debug|Win32
		{A5C629E0-F105-441C-B407-2AA6F817111C}.Debug|x86.Build.0 = Debug|Win32
		{A5C629E0-F105-441C-B407-2AA6F817111C}.Release|x64.ActiveCfg = Release|x64
		{A5C629E0-F105-441C-B407-2AA6F817111C}.Release|x64.Build.0 = Release|x64
		{A5C629E0-F105-441C-B407-2AA6F817111C}.Release|x86.ActiveCfg = Release|Win32
		{A5C629E0-F105-441C-B407-2AA6F817111C}.Release|x86.Build.0 = Release|Win32
	EndGlobalSection
	GlobalSection(SolutionProperties) = preSolution
		HideSolutionNode = FALSE
	EndGlobalSection
	GlobalSection(ExtensibilityGlobals) = postSolution
		SolutionGuid = {0E3FD3DC-1ABE-4B87-928D-D122642F411C}
	EndGlobalSection
EndGlobal
